
Microsoft Visual Studio Solution File, Format Version 12.00
# Visual Studio Version 16
VisualStudioVersion = 16.0.31112.23
MinimumVisualStudioVersion = 10.0.40219.1
Project("{8BC9CEB8-8B4A-11D0-8D11-00A0C91BC942}") = "Engine-Core", "Engine-Core\Engine-Core.vcxproj", "{6878C378-0D02-4312-937B-51CAB0E39699}"
EndProject
Project("{8BC9CEB8-8B4A-11D0-8D11-00A0C91BC942}") = "libogg", "libogg\libogg.vcxproj", "{47BA5A90-9315-4EBC-A9AC-752A8BB6387C}"
EndProject
Project("{8BC9CEB8-8B4A-11D0-8D11-00A0C91BC942}") = "libvorbis", "libvorbis\libvorbis.vcxproj", "{A9D11226-942C-423E-BE3C-CDB348CFFA26}"
EndProject
Global
	GlobalSection(SolutionConfigurationPlatforms) = preSolution
		Debug|x64 = Debug|x64
		Debug|x86 = Debug|x86
		Release|x64 = Release|x64
		Release|x86 = Release|x86
	EndGlobalSection
	GlobalSection(ProjectConfigurationPlatforms) = postSolution
		{6878C378-0D02-4312-937B-51CAB0E39699}.Debug|x64.ActiveCfg = Debug|x64
		{6878C378-0D02-4312-937B-51CAB0E39699}.Debug|x64.Build.0 = Debug|x64
		{6878C378-0D02-4312-937B-51CAB0E39699}.Debug|x86.ActiveCfg = Debug|Win32
		{6878C378-0D02-4312-937B-51CAB0E39699}.Debug|x86.Build.0 = Debug|Win32
		{6878C378-0D02-4312-937B-51CAB0E39699}.Release|x64.ActiveCfg = Release|x64
		{6878C378-0D02-4312-937B-51CAB0E39699}.Release|x64.Build.0 = Release|x64
		{6878C378-0D02-4312-937B-51CAB0E39699}.Release|x86.ActiveCfg = Release|Win32
		{6878C378-0D02-4312-937B-51CAB0E39699}.Release|x86.Build.0 = Release|Win32
		{47BA5A90-9315-4EBC-A9AC-752A8BB6387C}.Debug|x64.ActiveCfg = Debug|x64
		{47BA5A90-9315-4EBC-A9AC-752A8BB6387C}.Debug|x64.Build.0 = Debug|x64
		{47BA5A90-9315-4EBC-A9AC-752A8BB6387C}.Debug|x86.ActiveCfg = Debug|Win32
		{47BA5A90-9315-4EBC-A9AC-752A8BB6387C}.Debug|x86.Build.0 = Debug|Win32
		{47BA5A90-9315-4EBC-A9AC-752A8BB6387C}.Release|x64.ActiveCfg = Release|x64
		{47BA5A90-9315-4EBC-A9AC-752A8BB6387C}.Release|x64.Build.0 = Release|x64
		{47BA5A90-9315-4EBC-A9AC-752A8BB6387C}.Release|x86.ActiveCfg = Release|Win32
		{47BA5A90-9315-4EBC-A9AC-752A8BB6387C}.Release|x86.Build.0 = Release|Win32
		{A9D11226-942C-423E-BE3C-CDB348CFFA26}.Debug|x64.ActiveCfg = Debug|x64
		{A9D11226-942C-423E-BE3C-CDB348CFFA26}.Debug|x64.Build.0 = Debug|x64
		{A9D11226-942C-423E-BE3C-CDB348CFFA26}.Debug|x86.ActiveCfg = Debug|Win32
		{A9D11226-942C-423E-BE3C-CDB348CFFA26}.Debug|x86.Build.0 = Debug|Win32
		{A9D11226-942C-423E-BE3C-CDB348CFFA26}.Release|x64.ActiveCfg = Release|x64
		{A9D11226-942C-423E-BE3C-CDB348CFFA26}.Release|x64.Build.0 = Release|x64
		{A9D11226-942C-423E-BE3C-CDB348CFFA26}.Release|x86.ActiveCfg = Release|Win32
		{A9D11226-942C-423E-BE3C-CDB348CFFA26}.Release|x86.Build.0 = Release|Win32
	EndGlobalSection
	GlobalSection(SolutionProperties) = preSolution
		HideSolutionNode = FALSE
	EndGlobalSection
	GlobalSection(ExtensibilityGlobals) = postSolution
		SolutionGuid = {F5EFBE75-A7FF-4579-A620-9349942DE578}
	EndGlobalSection
EndGlobal
